# THIS IS AN AUTOGENERATED FILE. DO NOT EDIT THIS FILE DIRECTLY.
# yarn lockfile v1


"@bitauth/libauth@3.1.0-next.8", "@bitauth/libauth@^3.1.0-next.8":
  version "3.1.0-next.8"
  resolved "https://registry.yarnpkg.com/@bitauth/libauth/-/libauth-3.1.0-next.8.tgz#d130e5db6c3c8b24731c8d04c4091be07f48b0ee"
  integrity sha512-Pm+Ju+YP3JeBLLTiVrBnia2wwE4G17r4XqpvPRMcklElJTe8J6x3JgKRg1by0Xm3ZY6UFxACkEAoSA+x419/zA==

"@cashscript/utils@^0.13.0-next.6":
  version "0.13.0-next.6"
  resolved "https://registry.yarnpkg.com/@cashscript/utils/-/utils-0.13.0-next.6.tgz#fc07f063472fa9bce8a98f67d1575fc727557fd1"
  integrity sha512-psqGsJ9OrbjERCSPLSGTEizoj0WW0v4iVsZjxAaH7MBCG5XLuamHpfAngEZZs9SDwsZS5nkG7zKFWwuuTrvOiw==
  dependencies:
    "@bitauth/libauth" "^3.1.0-next.8"

"@electrum-cash/debug-logs@^1.0.0":
  version "1.0.0"
  resolved "https://registry.yarnpkg.com/@electrum-cash/debug-logs/-/debug-logs-1.0.0.tgz#7d021515f1b881f477176cb640f2178d094181e5"
  integrity sha512-GU/CvRR9lZ0d8gy9CXGW7f//OHCIydBavv9q+JcxjGj8Xr7HwlGqHx+Wzhx9y3YmJrXfExpgClcd++gTjdEmzA==
  dependencies:
    debug "^4.3.7"

"@electrum-cash/network@^4.1.3":
  version "4.2.2"
  resolved "https://registry.yarnpkg.com/@electrum-cash/network/-/network-4.2.2.tgz#867b849938d196e887d56cf2cbecb8a1f2c9ea71"
  integrity sha512-v2Wwt2o0VBBALPArx2dJEDvSqewKjiTW5KAd+jEXxxgdSxFygjJIrFcXryKOCv2CDbpE5+lXAogPAjx6FqW/nw==
  dependencies:
    "@electrum-cash/debug-logs" "^1.0.0"
    "@electrum-cash/web-socket" "^1.2.3"
    async-mutex "^0.5.0"
    debug "^4.3.2"
    eventemitter3 "^5.0.1"
    lossless-json "^4.0.1"

"@electrum-cash/web-socket@^1.2.3":
  version "1.2.3"
  resolved "https://registry.yarnpkg.com/@electrum-cash/web-socket/-/web-socket-1.2.3.tgz#473b6ddb4dba513e1c4e62b163da219205e7b31b"
  integrity sha512-sFWujTt98mvsMvE6gWjG44evkF3PcZhG1JffkkEUAVan+c9X51wkiWr3hkjPeIW0WfNpMTrFkvpGqVYmRj1RCA==
  dependencies:
    "@electrum-cash/debug-logs" "^1.0.0"
    "@monsterbitar/isomorphic-ws" "^5.3.0"
    "@types/ws" "^8.5.5"
    async-mutex "^0.5.0"
    eventemitter3 "^5.0.1"
    lossless-json "^4.0.1"
    ws "^8.13.0"

"@monsterbitar/isomorphic-ws@^5.3.0":
  version "5.3.1"
  resolved "https://registry.yarnpkg.com/@monsterbitar/isomorphic-ws/-/isomorphic-ws-5.3.1.tgz#acd6be86c7568682d8146f8b5fadbec74bf8789e"
  integrity sha512-BWfWUffbg3uO4K6Cyokg9ff43lPaXAOZcCnNe1lcjCjUMDVrRAb5qEHG5qeJp3ud2SPYbORaNsls5as6SR3oig==

"@mr-zwets/bchn-api-wrapper@^1.0.1":
  version "1.0.3"
  resolved "https://registry.yarnpkg.com/@mr-zwets/bchn-api-wrapper/-/bchn-api-wrapper-1.0.3.tgz#3b1eb23d50d5eee430dc82c0c13ccc6b26c1e3cb"
  integrity sha512-60BwyiEibuLQyj+QcdGp4rd4KZ4TfvWrRBnE0gbMM/EHVY6iAApCn4orU6ZAhonVvPiCYrcef+39yLag71WbhA==

"@types/node@*":
  version "25.5.2"
  resolved "https://registry.yarnpkg.com/@types/node/-/node-25.5.2.tgz#94861e32f9ffd8de10b52bbec403465c84fff762"
  integrity sha512-tO4ZIRKNC+MDWV4qKVZe3Ql/woTnmHDr5JD8UI5hn2pwBrHEwOEMZK7WlNb5RKB6EoJ02gwmQS9OrjuFnZYdpg==
  dependencies:
    undici-types "~7.18.0"

"@types/ws@^8.5.5":
  version "8.18.1"
  resolved "https://registry.yarnpkg.com/@types/ws/-/ws-8.18.1.tgz#48464e4bf2ddfd17db13d845467f6070ffea4aa9"
  integrity sha512-ThVF6DCVhA8kUGy+aazFQ4kXQ7E1Ty7A3ypFOe0IcJV8O/M511G99AW24irKrW56Wt44yG9+ij8FaqoBGkuBXg==
  dependencies:
    "@types/node" "*"

antlr4@^4.13.2:
  version "4.13.2"
  resolved "https://registry.yarnpkg.com/antlr4/-/antlr4-4.13.2.tgz#0d084ad0e32620482a9c3a0e2470c02e72e4006d"
  integrity sha512-QiVbZhyy4xAZ17UPEuG3YTOt8ZaoeOR1CvEAqrEsDBsOqINslaB147i9xqljZqoyf5S+EUlGStaj+t22LT9MOg==

async-mutex@^0.5.0:
  version "0.5.0"
  resolved "https://registry.yarnpkg.com/async-mutex/-/async-mutex-0.5.0.tgz#353c69a0b9e75250971a64ac203b0ebfddd75482"
  integrity sha512-1A94B18jkJ3DYq284ohPxoXbfTA5HsQ7/Mf4DEhcyLx3Bz27Rh59iScbB6EPiP+B+joue6YCxcMXSbFC1tZKwA==
  dependencies:
    tslib "^2.4.0"

cashc@0.13.0-next.6:
  version "0.13.0-next.6"
  resolved "https://registry.yarnpkg.com/cashc/-/cashc-0.13.0-next.6.tgz#2d468b295430b31a236b21b3a1762650e0fd6341"
  integrity sha512-B+hqdVAxQrGi+eJDdYryRTDfbT0q5HGbzFMiSGwSrWku3tUin9qHelkDZONGaptV7QnDJ61LjFSUHn2uYXKh+A==
  dependencies:
    "@bitauth/libauth" "^3.1.0-next.8"
    "@cashscript/utils" "^0.13.0-next.6"
    antlr4 "^4.13.2"
    commander "^14.0.0"
    semver "^7.7.2"

cashscript@0.13.0-next.6:
  version "0.13.0-next.6"
  resolved "https://registry.yarnpkg.com/cashscript/-/cashscript-0.13.0-next.6.tgz#b3f0a98ecd139a2cd2d89d8ddf2ed7566b17e93e"
  integrity sha512-hSsPoWTlrEK8vcMZWb7MATAXL4Oj8aKpjbeaJPTMsBNh6fKTCLCEnZy6pBvAQAYp2noLCqZRfKeP+D019tjiAw==
  dependencies:
    "@bitauth/libauth" "^3.1.0-next.8"
    "@cashscript/utils" "^0.13.0-next.6"
    "@electrum-cash/network" "^4.1.3"
    "@mr-zwets/bchn-api-wrapper" "^1.0.1"
    fflate "^0.8.2"
    semver "^7.7.2"

commander@^14.0.0:
  version "14.0.3"
  resolved "https://registry.yarnpkg.com/commander/-/commander-14.0.3.tgz#425d79b48f9af82fcd9e4fc1ea8af6c5ec07bbc2"
  integrity sha512-H+y0Jo/T1RZ9qPP4Eh1pkcQcLRglraJaSLoyOtHxu6AapkjWVCy2Sit1QQ4x3Dng8qDlSsZEet7g5Pq06MvTgw==

debug@^4.3.2, debug@^4.3.7:
  version "4.4.3"
  resolved "https://registry.yarnpkg.com/debug/-/debug-4.4.3.tgz#c6ae432d9bd9662582fce08709b038c58e9e3d6a"
  integrity sha512-RGwwWnwQvkVfavKVt22FGLw+xYSdzARwm0ru6DhTVA3umU5hZc28V3kO4stgYryrTlLpuvgI9GiijltAjNbcqA==
  dependencies:
    ms "^2.1.3"

eventemitter3@^5.0.1:
  version "5.0.4"
  resolved "https://registry.yarnpkg.com/eventemitter3/-/eventemitter3-5.0.4.tgz#a86d66170433712dde814707ac52b5271ceb1feb"
  integrity sha512-mlsTRyGaPBjPedk6Bvw+aqbsXDtoAyAzm5MO7JgU+yVRyMQ5O8bD4Kcci7BS85f93veegeCPkL8R4GLClnjLFw==

fflate@^0.8.2:
  version "0.8.2"
  resolved "https://registry.yarnpkg.com/fflate/-/fflate-0.8.2.tgz#fc8631f5347812ad6028bbe4a2308b2792aa1dea"
  integrity sha512-cPJU47OaAoCbg0pBvzsgpTPhmhqI5eJjh/JIu8tPj5q+T7iLvW/JAYUqmE7KOB4R1ZyEhzBaIQpQpardBF5z8A==

lossless-json@^4.0.1:
  version "4.3.0"
  resolved "https://registry.yarnpkg.com/lossless-json/-/lossless-json-4.3.0.tgz#7d26864820ecf08aee800213fc193666e794802a"
  integrity sha512-ToxOC+SsduRmdSuoLZLYAr5zy1Qu7l5XhmPWM3zefCZ5IcrzW/h108qbJUKfOlDlhvhjUK84+8PSVX0kxnit0g==

ms@^2.1.3:
  version "2.1.3"
  resolved "https://registry.yarnpkg.com/ms/-/ms-2.1.3.tgz#574c8138ce1d2b5861f0b44579dbadd60c6615b2"
  integrity sha512-6FlzubTLZG3J2a/NVCAleEhjzq5oxgHyaCU9yYXvcLsvoVaHJq/s5xXI6/XXP6tz7R9xAOtHnSO/tXtF3WRTlA==

semver@^7.7.2:
  version "7.7.4"
  resolved "https://registry.yarnpkg.com/semver/-/semver-7.7.4.tgz#28464e36060e991fa7a11d0279d2d3f3b57a7e8a"
  integrity sha512-vFKC2IEtQnVhpT78h1Yp8wzwrf8CM+MzKMHGJZfBtzhZNycRFnXsHk6E5TxIkkMsgNS7mdX3AGB7x2QM2di4lA==

tslib@^2.4.0:
  version "2.8.1"
  resolved "https://registry.yarnpkg.com/tslib/-/tslib-2.8.1.tgz#612efe4ed235d567e8aba5f2a5fab70280ade83f"
  integrity sha512-oJFu94HQb+KVduSUQL7wnpmqnfmLsOA/nAh6b6EH0wCEoK0/mPeXU6c3wKDV83MkOuHPRHtSXKKU99IBazS/2w==

undici-types@~7.18.0:
  version "7.18.2"
  resolved "https://registry.yarnpkg.com/undici-types/-/undici-types-7.18.2.tgz#29357a89e7b7ca4aef3bf0fd3fd0cd73884229e9"
  integrity sha512-AsuCzffGHJybSaRrmr5eHr81mwJU3kjw6M+uprWvCXiNeN9SOGwQ3Jn8jb8m3Z6izVgknn1R0FTCEAP2QrLY/w==

ws@^8.13.0:
  version "8.20.0"
  resolved "https://registry.yarnpkg.com/ws/-/ws-8.20.0.tgz#4cd9532358eba60bc863aad1623dfb045a4d4af8"
  integrity sha512-sAt8BhgNbzCtgGbt2OxmpuryO63ZoDk/sqaB/znQm94T4fCEsy/yV+7CdC1kJhOU9lboAEU7R3kquuycDoibVA==
